
Microsoft Visual Studio Solution File, Format Version 12.00
# Visual Studio Version 17
VisualStudioVersion = 17.3.32819.101
MinimumVisualStudioVersion = 10.0.40219.1
Project("{8BC9CEB8-8B4A-11D0-8D11-00A0C91BC942}") = "CubeConsoleC", "CubeConsoleC\CubeConsoleC.vcxproj", "{CB27F2A7-4BD3-4568-B7DB-2CF9E5565116}"
EndProject
Project("{FAE04EC0-301F-11D3-BF4B-00C04F79EFBC}") = "CubeConsoleCSharp", "CubeConsoleCSharp\CubeConsoleCSharp.csproj", "{040B94ED-F05F-49E8-864C-B409CFB9B35D}"
EndProject
Project("{8BC9CEB8-8B4A-11D0-8D11-00A0C91BC942}") = "CubeConsoleCPP", "CubeConsoleCPP\CubeConsoleCPP.vcxproj", "{1AAA4689-8454-46C9-A690-7A3CE39CF194}"
EndProject
Global
	GlobalSection(SolutionConfigurationPlatforms) = preSolution
		Debug|Any CPU = Debug|Any CPU
		Debug|x64 = Debug|x64
		Debug|x86 = Debug|x86
		Release|Any CPU = Release|Any CPU
		Release|x64 = Release|x64
		Release|x86 = Release|x86
	EndGlobalSection
	GlobalSection(ProjectConfigurationPlatforms) = postSolution
		{CB27F2A7-4BD3-4568-B7DB-2CF9E5565116}.Debug|Any CPU.ActiveCfg = Debug|x64
		{CB27F2A7-4BD3-4568-B7DB-2CF9E5565116}.Debug|Any CPU.Build.0 = Debug|x64
		{CB27F2A7-4BD3-4568-B7DB-2CF9E5565116}.Debug|x64.ActiveCfg = Debug|x64
		{CB27F2A7-4BD3-4568-B7DB-2CF9E5565116}.Debug|x64.Build.0 = Debug|x64
		{CB27F2A7-4BD3-4568-B7DB-2CF9E5565116}.Debug|x86.ActiveCfg = Debug|Win32
		{CB27F2A7-4BD3-4568-B7DB-2CF9E5565116}.Debug|x86.Build.0 = Debug|Win32
		{CB27F2A7-4BD3-4568-B7DB-2CF9E5565116}.Release|Any CPU.ActiveCfg = Release|x64
		{CB27F2A7-4BD3-4568-B7DB-2CF9E5565116}.Release|Any CPU.Build.0 = Release|x64
		{CB27F2A7-4BD3-4568-B7DB-2CF9E5565116}.Release|x64.ActiveCfg = Release|x64
		{CB27F2A7-4BD3-4568-B7DB-2CF9E5565116}.Release|x64.Build.0 = Release|x64
		{CB27F2A7-4BD3-4568-B7DB-2CF9E5565116}.Release|x86.ActiveCfg = Release|Win32
		{CB27F2A7-4BD3-4568-B7DB-2CF9E5565116}.Release|x86.Build.0 = Release|Win32
		{040B94ED-F05F-49E8-864C-B409CFB9B35D}.Debug|Any CPU.ActiveCfg = Debug|Any CPU
		{040B94ED-F05F-49E8-864C-B409CFB9B35D}.Debug|Any CPU.Build.0 = Debug|Any CPU
		{040B94ED-F05F-49E8-864C-B409CFB9B35D}.Debug|x64.ActiveCfg = Debug|Any CPU
		{040B94ED-F05F-49E8-864C-B409CFB9B35D}.Debug|x64.Build.0 = Debug|Any CPU
		{040B94ED-F05F-49E8-864C-B409CFB9B35D}.Debug|x86.ActiveCfg = Debug|Any CPU
		{040B94ED-F05F-49E8-864C-B409CFB9B35D}.Debug|x86.Build.0 = Debug|Any CPU
		{040B94ED-F05F-49E8-864C-B409CFB9B35D}.Release|Any CPU.ActiveCfg = Release|Any CPU
		{040B94ED-F05F-49E8-864C-B409CFB9B35D}.Release|Any CPU.Build.0 = Release|Any CPU
		{040B94ED-F05F-49E8-864C-B409CFB9B35D}.Release|x64.ActiveCfg = Release|Any CPU
		{040B94ED-F05F-49E8-864C-B409CFB9B35D}.Release|x64.Build.0 = Release|Any CPU
		{040B94ED-F05F-49E8-864C-B409CFB9B35D}.Release|x86.ActiveCfg = Release|Any CPU
		{040B94ED-F05F-49E8-864C-B409CFB9B35D}.Release|x86.Build.0 = Release|Any CPU
		{1AAA4689-8454-46C9-A690-7A3CE39CF194}.Debug|Any CPU.ActiveCfg = Debug|x64
		{1AAA4689-8454-46C9-A690-7A3CE39CF194}.Debug|Any CPU.Build.0 = Debug|x64
		{1AAA4689-8454-46C9-A690-7A3CE39CF194}.Debug|x64.ActiveCfg = Debug|x64
		{1AAA4689-8454-46C9-A690-7A3CE39CF194}.Debug|x64.Build.0 = Debug|x64
		{1AAA4689-8454-46C9-A690-7A3CE39CF194}.Debug|x86.ActiveCfg = Debug|Win32
		{1AAA4689-8454-46C9-A690-7A3CE39CF194}.Debug|x86.Build.0 = Debug|Win32
		{1AAA4689-8454-46C9-A690-7A3CE39CF194}.Release|Any CPU.ActiveCfg = Release|x64
		{1AAA4689-8454-46C9-A690-7A3CE39CF194}.Release|Any CPU.Build.0 = Release|x64
		{1AAA4689-8454-46C9-A690-7A3CE39CF194}.Release|x64.ActiveCfg = Release|x64
		{1AAA4689-8454-46C9-A690-7A3CE39CF194}.Release|x64.Build.0 = Release|x64
		{1AAA4689-8454-46C9-A690-7A3CE39CF194}.Release|x86.ActiveCfg = Release|Win32
		{1AAA4689-8454-46C9-A690-7A3CE39CF194}.Release|x86.Build.0 = Release|Win32
	EndGlobalSection
	GlobalSection(SolutionProperties) = preSolution
		HideSolutionNode = FALSE
	EndGlobalSection
	GlobalSection(ExtensibilityGlobals) = postSolution
		SolutionGuid = {3DA0C8C8-C1D8-420E-B280-EEFE224808AF}
	EndGlobalSection
EndGlobal
